// !$*UTF8*$!
{
	archiveVersion = 1;
	classes = {
	};
	objectVersion = 56;
	objects = {

/* Begin PBXBuildFile section */
		413798162BB466EB000765EF /* WalkShareApp.swift in Sources */ = {isa = PBXBuildFile; fileRef = 413798152BB466EB000765EF /* WalkShareApp.swift */; };
		413798182BB466EB000765EF /* ContentView.swift in Sources */ = {isa = PBXBuildFile; fileRef = 413798172BB466EB000765EF /* ContentView.swift */; };
		4137981A2BB466EE000765EF /* Assets.xcassets in Resources */ = {isa = PBXBuildFile; fileRef = 413798192BB466EE000765EF /* Assets.xcassets */; };
		4137981D2BB466EE000765EF /* Preview Assets.xcassets in Resources */ = {isa = PBXBuildFile; fileRef = 4137981C2BB466EE000765EF /* Preview Assets.xcassets */; };
		413798272BB466EE000765EF /* WalkShareTests.swift in Sources */ = {isa = PBXBuildFile; fileRef = 413798262BB466EE000765EF /* WalkShareTests.swift */; };
		413798312BB466EE000765EF /* WalkShareUITests.swift in Sources */ = {isa = PBXBuildFile; fileRef = 413798302BB466EE000765EF /* WalkShareUITests.swift */; };
		413798332BB466EE000765EF /* WalkShareUITestsLaunchTests.swift in Sources */ = {isa = PBXBuildFile; fileRef = 413798322BB466EE000765EF /* WalkShareUITestsLaunchTests.swift */; };
		413798402BB47021000765EF /* TabBar.swift in Sources */ = {isa = PBXBuildFile; fileRef = 4137983F2BB47021000765EF /* TabBar.swift */; };
		413798422BB47320000765EF /* HomeView.swift in Sources */ = {isa = PBXBuildFile; fileRef = 413798412BB47320000765EF /* HomeView.swift */; };
		413798442BB4742F000765EF /* WalkingView.swift in Sources */ = {isa = PBXBuildFile; fileRef = 413798432BB4742F000765EF /* WalkingView.swift */; };
		41870E582BEFF8F800D8E4D7 /* FirebaseAnalytics in Frameworks */ = {isa = PBXBuildFile; productRef = 41870E572BEFF8F800D8E4D7 /* FirebaseAnalytics */; };
		41870E5A2BEFF8F800D8E4D7 /* FirebaseAnalyticsOnDeviceConversion in Frameworks */ = {isa = PBXBuildFile; productRef = 41870E592BEFF8F800D8E4D7 /* FirebaseAnalyticsOnDeviceConversion */; };
		41870E5C2BEFF8F800D8E4D7 /* FirebaseAnalyticsSwift in Frameworks */ = {isa = PBXBuildFile; productRef = 41870E5B2BEFF8F800D8E4D7 /* FirebaseAnalyticsSwift */; };
		41870E5E2BEFF8F800D8E4D7 /* FirebaseAnalyticsWithoutAdIdSupport in Frameworks */ = {isa = PBXBuildFile; productRef = 41870E5D2BEFF8F800D8E4D7 /* FirebaseAnalyticsWithoutAdIdSupport */; };
		41870E602BEFF8F800D8E4D7 /* FirebaseAppCheck in Frameworks */ = {isa = PBXBuildFile; productRef = 41870E5F2BEFF8F800D8E4D7 /* FirebaseAppCheck */; };
		41870E622BEFF8F800D8E4D7 /* FirebaseAppDistribution-Beta in Frameworks */ = {isa = PBXBuildFile; productRef = 41870E612BEFF8F800D8E4D7 /* FirebaseAppDistribution-Beta */; };
		41870E642BEFF8F800D8E4D7 /* FirebaseAuth in Frameworks */ = {isa = PBXBuildFile; productRef = 41870E632BEFF8F800D8E4D7 /* FirebaseAuth */; };
		41870E662BEFF8F800D8E4D7 /* FirebaseAuthCombine-Community in Frameworks */ = {isa = PBXBuildFile; productRef = 41870E652BEFF8F800D8E4D7 /* FirebaseAuthCombine-Community */; };
		41870E682BEFF8F800D8E4D7 /* FirebaseCrashlytics in Frameworks */ = {isa = PBXBuildFile; productRef = 41870E672BEFF8F800D8E4D7 /* FirebaseCrashlytics */; };
		41870E6A2BEFF8F800D8E4D7 /* FirebaseDatabase in Frameworks */ = {isa = PBXBuildFile; productRef = 41870E692BEFF8F800D8E4D7 /* FirebaseDatabase */; };
		41870E6C2BEFF8F800D8E4D7 /* FirebaseDatabaseSwift in Frameworks */ = {isa = PBXBuildFile; productRef = 41870E6B2BEFF8F800D8E4D7 /* FirebaseDatabaseSwift */; };
		41870E6E2BEFF8F800D8E4D7 /* FirebaseDynamicLinks in Frameworks */ = {isa = PBXBuildFile; productRef = 41870E6D2BEFF8F800D8E4D7 /* FirebaseDynamicLinks */; };
		41870E702BEFF8F800D8E4D7 /* FirebaseFirestore in Frameworks */ = {isa = PBXBuildFile; productRef = 41870E6F2BEFF8F800D8E4D7 /* FirebaseFirestore */; };
		41870E722BEFF8F800D8E4D7 /* FirebaseFirestoreSwift in Frameworks */ = {isa = PBXBuildFile; productRef = 41870E712BEFF8F800D8E4D7 /* FirebaseFirestoreSwift */; };
		41870E742BEFF8F800D8E4D7 /* FirebaseFunctions in Frameworks */ = {isa = PBXBuildFile; productRef = 41870E732BEFF8F800D8E4D7 /* FirebaseFunctions */; };
		41870E762BEFF8F800D8E4D7 /* FirebaseFunctionsCombine-Community in Frameworks */ = {isa = PBXBuildFile; productRef = 41870E752BEFF8F800D8E4D7 /* FirebaseFunctionsCombine-Community */; };
		41870E782BEFF8F800D8E4D7 /* FirebaseInAppMessaging-Beta in Frameworks */ = {isa = PBXBuildFile; productRef = 41870E772BEFF8F800D8E4D7 /* FirebaseInAppMessaging-Beta */; };
		41870E7A2BEFF8F800D8E4D7 /* FirebaseInAppMessagingSwift-Beta in Frameworks */ = {isa = PBXBuildFile; productRef = 41870E792BEFF8F800D8E4D7 /* FirebaseInAppMessagingSwift-Beta */; };
		41870E7C2BEFF8F800D8E4D7 /* FirebaseInstallations in Frameworks */ = {isa = PBXBuildFile; productRef = 41870E7B2BEFF8F800D8E4D7 /* FirebaseInstallations */; };
		41870E7E2BEFF8F800D8E4D7 /* FirebaseMLModelDownloader in Frameworks */ = {isa = PBXBuildFile; productRef = 41870E7D2BEFF8F800D8E4D7 /* FirebaseMLModelDownloader */; };
		41870E802BEFF8F800D8E4D7 /* FirebaseMessaging in Frameworks */ = {isa = PBXBuildFile; productRef = 41870E7F2BEFF8F800D8E4D7 /* FirebaseMessaging */; };
		41870E822BEFF8F800D8E4D7 /* FirebasePerformance in Frameworks */ = {isa = PBXBuildFile; productRef = 41870E812BEFF8F800D8E4D7 /* FirebasePerformance */; };
		41870E842BEFF8F800D8E4D7 /* FirebaseRemoteConfig in Frameworks */ = {isa = PBXBuildFile; productRef = 41870E832BEFF8F800D8E4D7 /* FirebaseRemoteConfig */; };
		41870E862BEFF8F800D8E4D7 /* FirebaseRemoteConfigSwift in Frameworks */ = {isa = PBXBuildFile; productRef = 41870E852BEFF8F800D8E4D7 /* FirebaseRemoteConfigSwift */; };
		41870E882BEFF8F800D8E4D7 /* FirebaseStorage in Frameworks */ = {isa = PBXBuildFile; productRef = 41870E872BEFF8F800D8E4D7 /* FirebaseStorage */; };
		41870E8A2BEFF8F800D8E4D7 /* FirebaseStorageCombine-Community in Frameworks */ = {isa = PBXBuildFile; productRef = 41870E892BEFF8F800D8E4D7 /* FirebaseStorageCombine-Community */; };
		41870E8D2BEFFB2000D8E4D7 /* GoogleSignIn in Frameworks */ = {isa = PBXBuildFile; productRef = 41870E8C2BEFFB2000D8E4D7 /* GoogleSignIn */; };
		41870E8F2BEFFB2000D8E4D7 /* GoogleSignInSwift in Frameworks */ = {isa = PBXBuildFile; productRef = 41870E8E2BEFFB2000D8E4D7 /* GoogleSignInSwift */; };
		41870E912BEFFBDA00D8E4D7 /* GoogleService-Info.plist in Resources */ = {isa = PBXBuildFile; fileRef = 41870E902BEFFBDA00D8E4D7 /* GoogleService-Info.plist */; };
		41870E932BEFFC5100D8E4D7 /* LoginView.swift in Sources */ = {isa = PBXBuildFile; fileRef = 41870E922BEFFC5100D8E4D7 /* LoginView.swift */; };
		41870ED42BF3B21200D8E4D7 /* TutorialView.swift in Sources */ = {isa = PBXBuildFile; fileRef = 41870ED32BF3B21200D8E4D7 /* TutorialView.swift */; };
		41870ED62BF50E6F00D8E4D7 /* SetNameView.swift in Sources */ = {isa = PBXBuildFile; fileRef = 41870ED52BF50E6F00D8E4D7 /* SetNameView.swift */; };
/* End PBXBuildFile section */

/* Begin PBXContainerItemProxy section */
		413798232BB466EE000765EF /* PBXContainerItemProxy */ = {
			isa = PBXContainerItemProxy;
			containerPortal = 4137980A2BB466EB000765EF /* Project object */;
			proxyType = 1;
			remoteGlobalIDString = 413798112BB466EB000765EF;
			remoteInfo = WalkShare;
		};
		4137982D2BB466EE000765EF /* PBXContainerItemProxy */ = {
			isa = PBXContainerItemProxy;
			containerPortal = 4137980A2BB466EB000765EF /* Project object */;
			proxyType = 1;
			remoteGlobalIDString = 413798112BB466EB000765EF;
			remoteInfo = WalkShare;
		};
/* End PBXContainerItemProxy section */

/* Begin PBXFileReference section */
		413798122BB466EB000765EF /* WalkShare.app */ = {isa = PBXFileReference; explicitFileType = wrapper.application; includeInIndex = 0; path = WalkShare.app; sourceTree = BUILT_PRODUCTS_DIR; };
		413798152BB466EB000765EF /* WalkShareApp.swift */ = {isa = PBXFileReference; lastKnownFileType = sourcecode.swift; path = WalkShareApp.swift; sourceTree = "<group>"; };
		413798172BB466EB000765EF /* ContentView.swift */ = {isa = PBXFileReference; lastKnownFileType = sourcecode.swift; path = ContentView.swift; sourceTree = "<group>"; };
		413798192BB466EE000765EF /* Assets.xcassets */ = {isa = PBXFileReference; lastKnownFileType = folder.assetcatalog; path = Assets.xcassets; sourceTree = "<group>"; };
		4137981C2BB466EE000765EF /* Preview Assets.xcassets */ = {isa = PBXFileReference; lastKnownFileType = folder.assetcatalog; path = "Preview Assets.xcassets"; sourceTree = "<group>"; };
		413798222BB466EE000765EF /* WalkShareTests.xctest */ = {isa = PBXFileReference; explicitFileType = wrapper.cfbundle; includeInIndex = 0; path = WalkShareTests.xctest; sourceTree = BUILT_PRODUCTS_DIR; };
		413798262BB466EE000765EF /* WalkShareTests.swift */ = {isa = PBXFileReference; lastKnownFileType = sourcecode.swift; path = WalkShareTests.swift; sourceTree = "<group>"; };
		4137982C2BB466EE000765EF /* WalkShareUITests.xctest */ = {isa = PBXFileReference; explicitFileType = wrapper.cfbundle; includeInIndex = 0; path = WalkShareUITests.xctest; sourceTree = BUILT_PRODUCTS_DIR; };
		413798302BB466EE000765EF /* WalkShareUITests.swift */ = {isa = PBXFileReference; lastKnownFileType = sourcecode.swift; path = WalkShareUITests.swift; sourceTree = "<group>"; };
		413798322BB466EE000765EF /* WalkShareUITestsLaunchTests.swift */ = {isa = PBXFileReference; lastKnownFileType = sourcecode.swift; path = WalkShareUITestsLaunchTests.swift; sourceTree = "<group>"; };
		4137983F2BB47021000765EF /* TabBar.swift */ = {isa = PBXFileReference; lastKnownFileType = sourcecode.swift; path = TabBar.swift; sourceTree = "<group>"; };
		413798412BB47320000765EF /* HomeView.swift */ = {isa = PBXFileReference; lastKnownFileType = sourcecode.swift; path = HomeView.swift; sourceTree = "<group>"; };
		413798432BB4742F000765EF /* WalkingView.swift */ = {isa = PBXFileReference; lastKnownFileType = sourcecode.swift; path = WalkingView.swift; sourceTree = "<group>"; };
		41870E902BEFFBDA00D8E4D7 /* GoogleService-Info.plist */ = {isa = PBXFileReference; fileEncoding = 4; lastKnownFileType = text.plist.xml; path = "GoogleService-Info.plist"; sourceTree = SOURCE_ROOT; };
		41870E922BEFFC5100D8E4D7 /* LoginView.swift */ = {isa = PBXFileReference; lastKnownFileType = sourcecode.swift; path = LoginView.swift; sourceTree = "<group>"; };
		41870E942BEFFC9800D8E4D7 /* Info.plist */ = {isa = PBXFileReference; lastKnownFileType = text.plist; path = Info.plist; sourceTree = "<group>"; };
		41870ED32BF3B21200D8E4D7 /* TutorialView.swift */ = {isa = PBXFileReference; lastKnownFileType = sourcecode.swift; path = TutorialView.swift; sourceTree = "<group>"; };
		41870ED52BF50E6F00D8E4D7 /* SetNameView.swift */ = {isa = PBXFileReference; lastKnownFileType = sourcecode.swift; path = SetNameView.swift; sourceTree = "<group>"; };
/* End PBXFileReference section */

/* Begin PBXFrameworksBuildPhase section */
		4137980F2BB466EB000765EF /* Frameworks */ = {
			isa = PBXFrameworksBuildPhase;
			buildActionMask = 2147483647;
			files = (
				41870E822BEFF8F800D8E4D7 /* FirebasePerformance in Frameworks */,
				41870E6A2BEFF8F800D8E4D7 /* FirebaseDatabase in Frameworks */,
				41870E702BEFF8F800D8E4D7 /* FirebaseFirestore in Frameworks */,
				41870E882BEFF8F800D8E4D7 /* FirebaseStorage in Frameworks */,
				41870E5C2BEFF8F800D8E4D7 /* FirebaseAnalyticsSwift in Frameworks */,
				41870E722BEFF8F800D8E4D7 /* FirebaseFirestoreSwift in Frameworks */,
				41870E582BEFF8F800D8E4D7 /* FirebaseAnalytics in Frameworks */,
				41870E782BEFF8F800D8E4D7 /* FirebaseInAppMessaging-Beta in Frameworks */,
				41870E5A2BEFF8F800D8E4D7 /* FirebaseAnalyticsOnDeviceConversion in Frameworks */,
				41870E7E2BEFF8F800D8E4D7 /* FirebaseMLModelDownloader in Frameworks */,
				41870E862BEFF8F800D8E4D7 /* FirebaseRemoteConfigSwift in Frameworks */,
				41870E602BEFF8F800D8E4D7 /* FirebaseAppCheck in Frameworks */,
				41870E802BEFF8F800D8E4D7 /* FirebaseMessaging in Frameworks */,
				41870E7C2BEFF8F800D8E4D7 /* FirebaseInstallations in Frameworks */,
				41870E762BEFF8F800D8E4D7 /* FirebaseFunctionsCombine-Community in Frameworks */,
				41870E5E2BEFF8F800D8E4D7 /* FirebaseAnalyticsWithoutAdIdSupport in Frameworks */,
				41870E8A2BEFF8F800D8E4D7 /* FirebaseStorageCombine-Community in Frameworks */,
				41870E642BEFF8F800D8E4D7 /* FirebaseAuth in Frameworks */,
				41870E682BEFF8F800D8E4D7 /* FirebaseCrashlytics in Frameworks */,
				41870E6C2BEFF8F800D8E4D7 /* FirebaseDatabaseSwift in Frameworks */,
				41870E622BEFF8F800D8E4D7 /* FirebaseAppDistribution-Beta in Frameworks */,
				41870E842BEFF8F800D8E4D7 /* FirebaseRemoteConfig in Frameworks */,
				41870E742BEFF8F800D8E4D7 /* FirebaseFunctions in Frameworks */,
				41870E8F2BEFFB2000D8E4D7 /* GoogleSignInSwift in Frameworks */,
				41870E662BEFF8F800D8E4D7 /* FirebaseAuthCombine-Community in Frameworks */,
				41870E7A2BEFF8F800D8E4D7 /* FirebaseInAppMessagingSwift-Beta in Frameworks */,
				41870E6E2BEFF8F800D8E4D7 /* FirebaseDynamicLinks in Frameworks */,
				41870E8D2BEFFB2000D8E4D7 /* GoogleSignIn in Frameworks */,
			);
			runOnlyForDeploymentPostprocessing = 0;
		};
		4137981F2BB466EE000765EF /* Frameworks */ = {
			isa = PBXFrameworksBuildPhase;
			buildActionMask = 2147483647;
			files = (
			);
			runOnlyForDeploymentPostprocessing = 0;
		};
		413798292BB466EE000765EF /* Frameworks */ = {
			isa = PBXFrameworksBuildPhase;
			buildActionMask = 2147483647;
			files = (
			);
			runOnlyForDeploymentPostprocessing = 0;
		};
/* End PBXFrameworksBuildPhase section */

/* Begin PBXGroup section */
		413798092BB466EB000765EF = {
			isa = PBXGroup;
			children = (
				413798142BB466EB000765EF /* WalkShare */,
				413798252BB466EE000765EF /* WalkShareTests */,
				4137982F2BB466EE000765EF /* WalkShareUITests */,
				413798132BB466EB000765EF /* Products */,
			);
			sourceTree = "<group>";
		};
		413798132BB466EB000765EF /* Products */ = {
			isa = PBXGroup;
			children = (
				413798122BB466EB000765EF /* WalkShare.app */,
				413798222BB466EE000765EF /* WalkShareTests.xctest */,
				4137982C2BB466EE000765EF /* WalkShareUITests.xctest */,
			);
			name = Products;
			sourceTree = "<group>";
		};
		413798142BB466EB000765EF /* WalkShare */ = {
			isa = PBXGroup;
			children = (
				413798152BB466EB000765EF /* WalkShareApp.swift */,
				413798172BB466EB000765EF /* ContentView.swift */,
				413798192BB466EE000765EF /* Assets.xcassets */,
				4137981B2BB466EE000765EF /* Preview Content */,
				4137983F2BB47021000765EF /* TabBar.swift */,
				413798412BB47320000765EF /* HomeView.swift */,
				413798432BB4742F000765EF /* WalkingView.swift */,
				41870E922BEFFC5100D8E4D7 /* LoginView.swift */,
				41870E902BEFFBDA00D8E4D7 /* GoogleService-Info.plist */,
				41870E942BEFFC9800D8E4D7 /* Info.plist */,
				41870ED32BF3B21200D8E4D7 /* TutorialView.swift */,
				41870ED52BF50E6F00D8E4D7 /* SetNameView.swift */,
			);
			path = WalkShare;
			sourceTree = "<group>";
		};
		4137981B2BB466EE000765EF /* Preview Content */ = {
			isa = PBXGroup;
			children = (
				4137981C2BB466EE000765EF /* Preview Assets.xcassets */,
			);
			path = "Preview Content";
			sourceTree = "<group>";
		};
		413798252BB466EE000765EF /* WalkShareTests */ = {
			isa = PBXGroup;
			children = (
				413798262BB466EE000765EF /* WalkShareTests.swift */,
			);
			path = WalkShareTests;
			sourceTree = "<group>";
		};
		4137982F2BB466EE000765EF /* WalkShareUITests */ = {
			isa = PBXGroup;
			children = (
				413798302BB466EE000765EF /* WalkShareUITests.swift */,
				413798322BB466EE000765EF /* WalkShareUITestsLaunchTests.swift */,
			);
			path = WalkShareUITests;
			sourceTree = "<group>";
		};
/* End PBXGroup section */

/* Begin PBXNativeTarget section */
		413798112BB466EB000765EF /* WalkShare */ = {
			isa = PBXNativeTarget;
			buildConfigurationList = 413798362BB466EE000765EF /* Build configuration list for PBXNativeTarget "WalkShare" */;
			buildPhases = (
				4137980E2BB466EB000765EF /* Sources */,
				4137980F2BB466EB000765EF /* Frameworks */,
				413798102BB466EB000765EF /* Resources */,
			);
			buildRules = (
			);
			dependencies = (
			);
			name = WalkShare;
			packageProductDependencies = (
				41870E572BEFF8F800D8E4D7 /* FirebaseAnalytics */,
				41870E592BEFF8F800D8E4D7 /* FirebaseAnalyticsOnDeviceConversion */,
				41870E5B2BEFF8F800D8E4D7 /* FirebaseAnalyticsSwift */,
				41870E5D2BEFF8F800D8E4D7 /* FirebaseAnalyticsWithoutAdIdSupport */,
				41870E5F2BEFF8F800D8E4D7 /* FirebaseAppCheck */,
				41870E612BEFF8F800D8E4D7 /* FirebaseAppDistribution-Beta */,
				41870E632BEFF8F800D8E4D7 /* FirebaseAuth */,
				41870E652BEFF8F800D8E4D7 /* FirebaseAuthCombine-Community */,
				41870E672BEFF8F800D8E4D7 /* FirebaseCrashlytics */,
				41870E692BEFF8F800D8E4D7 /* FirebaseDatabase */,
				41870E6B2BEFF8F800D8E4D7 /* FirebaseDatabaseSwift */,
				41870E6D2BEFF8F800D8E4D7 /* FirebaseDynamicLinks */,
				41870E6F2BEFF8F800D8E4D7 /* FirebaseFirestore */,
				41870E712BEFF8F800D8E4D7 /* FirebaseFirestoreSwift */,
				41870E732BEFF8F800D8E4D7 /* FirebaseFunctions */,
				41870E752BEFF8F800D8E4D7 /* FirebaseFunctionsCombine-Community */,
				41870E772BEFF8F800D8E4D7 /* FirebaseInAppMessaging-Beta */,
				41870E792BEFF8F800D8E4D7 /* FirebaseInAppMessagingSwift-Beta */,
				41870E7B2BEFF8F800D8E4D7 /* FirebaseInstallations */,
				41870E7D2BEFF8F800D8E4D7 /* FirebaseMLModelDownloader */,
				41870E7F2BEFF8F800D8E4D7 /* FirebaseMessaging */,
				41870E812BEFF8F800D8E4D7 /* FirebasePerformance */,
				41870E832BEFF8F800D8E4D7 /* FirebaseRemoteConfig */,
				41870E852BEFF8F800D8E4D7 /* FirebaseRemoteConfigSwift */,
				41870E872BEFF8F800D8E4D7 /* FirebaseStorage */,
				41870E892BEFF8F800D8E4D7 /* FirebaseStorageCombine-Community */,
				41870E8C2BEFFB2000D8E4D7 /* GoogleSignIn */,
				41870E8E2BEFFB2000D8E4D7 /* GoogleSignInSwift */,
			);
			productName = WalkShare;
			productReference = 413798122BB466EB000765EF /* WalkShare.app */;
			productType = "com.apple.product-type.application";
		};
		413798212BB466EE000765EF /* WalkShareTests */ = {
			isa = PBXNativeTarget;
			buildConfigurationList = 413798392BB466EE000765EF /* Build configuration list for PBXNativeTarget "WalkShareTests" */;
			buildPhases = (
				4137981E2BB466EE000765EF /* Sources */,
				4137981F2BB466EE000765EF /* Frameworks */,
				413798202BB466EE000765EF /* Resources */,
			);
			buildRules = (
			);
			dependencies = (
				413798242BB466EE000765EF /* PBXTargetDependency */,
			);
			name = WalkShareTests;
			productName = WalkShareTests;
			productReference = 413798222BB466EE000765EF /* WalkShareTests.xctest */;
			productType = "com.apple.product-type.bundle.unit-test";
		};
		4137982B2BB466EE000765EF /* WalkShareUITests */ = {
			isa = PBXNativeTarget;
			buildConfigurationList = 4137983C2BB466EE000765EF /* Build configuration list for PBXNativeTarget "WalkShareUITests" */;
			buildPhases = (
				413798282BB466EE000765EF /* Sources */,
				413798292BB466EE000765EF /* Frameworks */,
				4137982A2BB466EE000765EF /* Resources */,
			);
			buildRules = (
			);
			dependencies = (
				4137982E2BB466EE000765EF /* PBXTargetDependency */,
			);
			name = WalkShareUITests;
			productName = WalkShareUITests;
			productReference = 4137982C2BB466EE000765EF /* WalkShareUITests.xctest */;
			productType = "com.apple.product-type.bundle.ui-testing";
		};
/* End PBXNativeTarget section */

/* Begin PBXProject section */
		4137980A2BB466EB000765EF /* Project object */ = {
			isa = PBXProject;
			attributes = {
				BuildIndependentTargetsInParallel = 1;
				LastSwiftUpdateCheck = 1430;
				LastUpgradeCheck = 1430;
				TargetAttributes = {
					413798112BB466EB000765EF = {
						CreatedOnToolsVersion = 14.3;
					};
					413798212BB466EE000765EF = {
						CreatedOnToolsVersion = 14.3;
						TestTargetID = 413798112BB466EB000765EF;
					};
					4137982B2BB466EE000765EF = {
						CreatedOnToolsVersion = 14.3;
						TestTargetID = 413798112BB466EB000765EF;
					};
				};
			};
			buildConfigurationList = 4137980D2BB466EB000765EF /* Build configuration list for PBXProject "WalkShare" */;
			compatibilityVersion = "Xcode 14.0";
			developmentRegion = en;
			hasScannedForEncodings = 0;
			knownRegions = (
				en,
				Base,
			);
			mainGroup = 413798092BB466EB000765EF;
			packageReferences = (
				41870E562BEFF8F800D8E4D7 /* XCRemoteSwiftPackageReference "firebase-ios-sdk" */,
				41870E8B2BEFFB1F00D8E4D7 /* XCRemoteSwiftPackageReference "GoogleSignIn-iOS" */,
			);
			productRefGroup = 413798132BB466EB000765EF /* Products */;
			projectDirPath = "";
			projectRoot = "";
			targets = (
				413798112BB466EB000765EF /* WalkShare */,
				413798212BB466EE000765EF /* WalkShareTests */,
				4137982B2BB466EE000765EF /* WalkShareUITests */,
			);
		};
/* End PBXProject section */

/* Begin PBXResourcesBuildPhase section */
		413798102BB466EB000765EF /* Resources */ = {
			isa = PBXResourcesBuildPhase;
			buildActionMask = 2147483647;
			files = (
				4137981D2BB466EE000765EF /* Preview Assets.xcassets in Resources */,
				4137981A2BB466EE000765EF /* Assets.xcassets in Resources */,
				41870E912BEFFBDA00D8E4D7 /* GoogleService-Info.plist in Resources */,
			);
			runOnlyForDeploymentPostprocessing = 0;
		};
		413798202BB466EE000765EF /* Resources */ = {
			isa = PBXResourcesBuildPhase;
			buildActionMask = 2147483647;
			files = (
			);
			runOnlyForDeploymentPostprocessing = 0;
		};
		4137982A2BB466EE000765EF /* Resources */ = {
			isa = PBXResourcesBuildPhase;
			buildActionMask = 2147483647;
			files = (
			);
			runOnlyForDeploymentPostprocessing = 0;
		};
/* End PBXResourcesBuildPhase section */

/* Begin PBXSourcesBuildPhase section */
		4137980E2BB466EB000765EF /* Sources */ = {
			isa = PBXSourcesBuildPhase;
			buildActionMask = 2147483647;
			files = (
				41870ED42BF3B21200D8E4D7 /* TutorialView.swift in Sources */,
				41870E932BEFFC5100D8E4D7 /* LoginView.swift in Sources */,
				413798402BB47021000765EF /* TabBar.swift in Sources */,
				413798442BB4742F000765EF /* WalkingView.swift in Sources */,
				41870ED62BF50E6F00D8E4D7 /* SetNameView.swift in Sources */,
				413798182BB466EB000765EF /* ContentView.swift in Sources */,
				413798422BB47320000765EF /* HomeView.swift in Sources */,
				413798162BB466EB000765EF /* WalkShareApp.swift in Sources */,
			);
			runOnlyForDeploymentPostprocessing = 0;
		};
		4137981E2BB466EE000765EF /* Sources */ = {
			isa = PBXSourcesBuildPhase;
			buildActionMask = 2147483647;
			files = (
				413798272BB466EE000765EF /* WalkShareTests.swift in Sources */,
			);
			runOnlyForDeploymentPostprocessing = 0;
		};
		413798282BB466EE000765EF /* Sources */ = {
			isa = PBXSourcesBuildPhase;
			buildActionMask = 2147483647;
			files = (
				413798312BB466EE000765EF /* WalkShareUITests.swift in Sources */,
				413798332BB466EE000765EF /* WalkShareUITestsLaunchTests.swift in Sources */,
			);
			runOnlyForDeploymentPostprocessing = 0;
		};
/* End PBXSourcesBuildPhase section */

/* Begin PBXTargetDependency section */
		413798242BB466EE000765EF /* PBXTargetDependency */ = {
			isa = PBXTargetDependency;
			target = 413798112BB466EB000765EF /* WalkShare */;
			targetProxy = 413798232BB466EE000765EF /* PBXContainerItemProxy */;
		};
		4137982E2BB466EE000765EF /* PBXTargetDependency */ = {
			isa = PBXTargetDependency;
			target = 413798112BB466EB000765EF /* WalkShare */;
			targetProxy = 4137982D2BB466EE000765EF /* PBXContainerItemProxy */;
		};
/* End PBXTargetDependency section */

/* Begin XCBuildConfiguration section */
		413798342BB466EE000765EF /* Debug */ = {
			isa = XCBuildConfiguration;
			buildSettings = {
				ALWAYS_SEARCH_USER_PATHS = NO;
				CLANG_ANALYZER_NONNULL = YES;
				CLANG_ANALYZER_NUMBER_OBJECT_CONVERSION = YES_AGGRESSIVE;
				CLANG_CXX_LANGUAGE_STANDARD = "gnu++20";
				CLANG_ENABLE_MODULES = YES;
				CLANG_ENABLE_OBJC_ARC = YES;
				CLANG_ENABLE_OBJC_WEAK = YES;
				CLANG_WARN_BLOCK_CAPTURE_AUTORELEASING = YES;
				CLANG_WARN_BOOL_CONVERSION = YES;
				CLANG_WARN_COMMA = YES;
				CLANG_WARN_CONSTANT_CONVERSION = YES;
				CLANG_WARN_DEPRECATED_OBJC_IMPLEMENTATIONS = YES;
				CLANG_WARN_DIRECT_OBJC_ISA_USAGE = YES_ERROR;
				CLANG_WARN_DOCUMENTATION_COMMENTS = YES;
				CLANG_WARN_EMPTY_BODY = YES;
				CLANG_WARN_ENUM_CONVERSION = YES;
				CLANG_WARN_INFINITE_RECURSION = YES;
				CLANG_WARN_INT_CONVERSION = YES;
				CLANG_WARN_NON_LITERAL_NULL_CONVERSION = YES;
				CLANG_WARN_OBJC_IMPLICIT_RETAIN_SELF = YES;
				CLANG_WARN_OBJC_LITERAL_CONVERSION = YES;
				CLANG_WARN_OBJC_ROOT_CLASS = YES_ERROR;
				CLANG_WARN_QUOTED_INCLUDE_IN_FRAMEWORK_HEADER = YES;
				CLANG_WARN_RANGE_LOOP_ANALYSIS = YES;
				CLANG_WARN_STRICT_PROTOTYPES = YES;
				CLANG_WARN_SUSPICIOUS_MOVE = YES;
				CLANG_WARN_UNGUARDED_AVAILABILITY = YES_AGGRESSIVE;
				CLANG_WARN_UNREACHABLE_CODE = YES;
				CLANG_WARN__DUPLICATE_METHOD_MATCH = YES;
				COPY_PHASE_STRIP = NO;
				DEBUG_INFORMATION_FORMAT = dwarf;
				ENABLE_STRICT_OBJC_MSGSEND = YES;
				ENABLE_TESTABILITY = YES;
				GCC_C_LANGUAGE_STANDARD = gnu11;
				GCC_DYNAMIC_NO_PIC = NO;
				GCC_NO_COMMON_BLOCKS = YES;
				GCC_OPTIMIZATION_LEVEL = 0;
				GCC_PREPROCESSOR_DEFINITIONS = (
					"DEBUG=1",
					"$(inherited)",
				);
				GCC_WARN_64_TO_32_BIT_CONVERSION = YES;
				GCC_WARN_ABOUT_RETURN_TYPE = YES_ERROR;
				GCC_WARN_UNDECLARED_SELECTOR = YES;
				GCC_WARN_UNINITIALIZED_AUTOS = YES_AGGRESSIVE;
				GCC_WARN_UNUSED_FUNCTION = YES;
				GCC_WARN_UNUSED_VARIABLE = YES;
				IPHONEOS_DEPLOYMENT_TARGET = 16.4;
				MTL_ENABLE_DEBUG_INFO = INCLUDE_SOURCE;
				MTL_FAST_MATH = YES;
				ONLY_ACTIVE_ARCH = YES;
				SDKROOT = iphoneos;
				SWIFT_ACTIVE_COMPILATION_CONDITIONS = DEBUG;
				SWIFT_OPTIMIZATION_LEVEL = "-Onone";
			};
			name = Debug;
		};
		413798352BB466EE000765EF /* Release */ = {
			isa = XCBuildConfiguration;
			buildSettings = {
				ALWAYS_SEARCH_USER_PATHS = NO;
				CLANG_ANALYZER_NONNULL = YES;
				CLANG_ANALYZER_NUMBER_OBJECT_CONVERSION = YES_AGGRESSIVE;
				CLANG_CXX_LANGUAGE_STANDARD = "gnu++20";
				CLANG_ENABLE_MODULES = YES;
				CLANG_ENABLE_OBJC_ARC = YES;
				CLANG_ENABLE_OBJC_WEAK = YES;
				CLANG_WARN_BLOCK_CAPTURE_AUTORELEASING = YES;
				CLANG_WARN_BOOL_CONVERSION = YES;
				CLANG_WARN_COMMA = YES;
				CLANG_WARN_CONSTANT_CONVERSION = YES;
				CLANG_WARN_DEPRECATED_OBJC_IMPLEMENTATIONS = YES;
				CLANG_WARN_DIRECT_OBJC_ISA_USAGE = YES_ERROR;
				CLANG_WARN_DOCUMENTATION_COMMENTS = YES;
				CLANG_WARN_EMPTY_BODY = YES;
				CLANG_WARN_ENUM_CONVERSION = YES;
				CLANG_WARN_INFINITE_RECURSION = YES;
				CLANG_WARN_INT_CONVERSION = YES;
				CLANG_WARN_NON_LITERAL_NULL_CONVERSION = YES;
				CLANG_WARN_OBJC_IMPLICIT_RETAIN_SELF = YES;
				CLANG_WARN_OBJC_LITERAL_CONVERSION = YES;
				CLANG_WARN_OBJC_ROOT_CLASS = YES_ERROR;
				CLANG_WARN_QUOTED_INCLUDE_IN_FRAMEWORK_HEADER = YES;
				CLANG_WARN_RANGE_LOOP_ANALYSIS = YES;
				CLANG_WARN_STRICT_PROTOTYPES = YES;
				CLANG_WARN_SUSPICIOUS_MOVE = YES;
				CLANG_WARN_UNGUARDED_AVAILABILITY = YES_AGGRESSIVE;
				CLANG_WARN_UNREACHABLE_CODE = YES;
				CLANG_WARN__DUPLICATE_METHOD_MATCH = YES;
				COPY_PHASE_STRIP = NO;
				DEBUG_INFORMATION_FORMAT = "dwarf-with-dsym";
				ENABLE_NS_ASSERTIONS = NO;
				ENABLE_STRICT_OBJC_MSGSEND = YES;
				GCC_C_LANGUAGE_STANDARD = gnu11;
				GCC_NO_COMMON_BLOCKS = YES;
				GCC_WARN_64_TO_32_BIT_CONVERSION = YES;
				GCC_WARN_ABOUT_RETURN_TYPE = YES_ERROR;
				GCC_WARN_UNDECLARED_SELECTOR = YES;
				GCC_WARN_UNINITIALIZED_AUTOS = YES_AGGRESSIVE;
				GCC_WARN_UNUSED_FUNCTION = YES;
				GCC_WARN_UNUSED_VARIABLE = YES;
				IPHONEOS_DEPLOYMENT_TARGET = 16.4;
				MTL_ENABLE_DEBUG_INFO = NO;
				MTL_FAST_MATH = YES;
				SDKROOT = iphoneos;
				SWIFT_COMPILATION_MODE = wholemodule;
				SWIFT_OPTIMIZATION_LEVEL = "-O";
				VALIDATE_PRODUCT = YES;
			};
			name = Release;
		};
		413798372BB466EE000765EF /* Debug */ = {
			isa = XCBuildConfiguration;
			buildSettings = {
				ASSETCATALOG_COMPILER_APPICON_NAME = AppIcon;
				ASSETCATALOG_COMPILER_GLOBAL_ACCENT_COLOR_NAME = AccentColor;
				CODE_SIGN_STYLE = Automatic;
				CURRENT_PROJECT_VERSION = 1;
				DEVELOPMENT_ASSET_PATHS = "\"WalkShare/Preview Content\"";
				ENABLE_PREVIEWS = YES;
				GENERATE_INFOPLIST_FILE = YES;
				INFOPLIST_FILE = WalkShare/Info.plist;
				INFOPLIST_KEY_UIApplicationSceneManifest_Generation = YES;
				INFOPLIST_KEY_UIApplicationSupportsIndirectInputEvents = YES;
				INFOPLIST_KEY_UILaunchScreen_Generation = YES;
				INFOPLIST_KEY_UISupportedInterfaceOrientations_iPad = "UIInterfaceOrientationPortrait UIInterfaceOrientationPortraitUpsideDown UIInterfaceOrientationLandscapeLeft UIInterfaceOrientationLandscapeRight";
				INFOPLIST_KEY_UISupportedInterfaceOrientations_iPhone = "UIInterfaceOrientationPortrait UIInterfaceOrientationLandscapeLeft UIInterfaceOrientationLandscapeRight";
				LD_RUNPATH_SEARCH_PATHS = (
					"$(inherited)",
					"@executable_path/Frameworks",
				);
				MARKETING_VERSION = 1.0;
				PRODUCT_BUNDLE_IDENTIFIER = app.kato.kokona.WalkShare;
				PRODUCT_NAME = "$(TARGET_NAME)";
				SWIFT_EMIT_LOC_STRINGS = YES;
				SWIFT_VERSION = 5.0;
				TARGETED_DEVICE_FAMILY = "1,2";
			};
			name = Debug;
		};
		413798382BB466EE000765EF /* Release */ = {
			isa = XCBuildConfiguration;
			buildSettings = {
				ASSETCATALOG_COMPILER_APPICON_NAME = AppIcon;
				ASSETCATALOG_COMPILER_GLOBAL_ACCENT_COLOR_NAME = AccentColor;
				CODE_SIGN_STYLE = Automatic;
				CURRENT_PROJECT_VERSION = 1;
				DEVELOPMENT_ASSET_PATHS = "\"WalkShare/Preview Content\"";
				ENABLE_PREVIEWS = YES;
				GENERATE_INFOPLIST_FILE = YES;
				INFOPLIST_FILE = WalkShare/Info.plist;
				INFOPLIST_KEY_UIApplicationSceneManifest_Generation = YES;
				INFOPLIST_KEY_UIApplicationSupportsIndirectInputEvents = YES;
				INFOPLIST_KEY_UILaunchScreen_Generation = YES;
				INFOPLIST_KEY_UISupportedInterfaceOrientations_iPad = "UIInterfaceOrientationPortrait UIInterfaceOrientationPortraitUpsideDown UIInterfaceOrientationLandscapeLeft UIInterfaceOrientationLandscapeRight";
				INFOPLIST_KEY_UISupportedInterfaceOrientations_iPhone = "UIInterfaceOrientationPortrait UIInterfaceOrientationLandscapeLeft UIInterfaceOrientationLandscapeRight";
				LD_RUNPATH_SEARCH_PATHS = (
					"$(inherited)",
					"@executable_path/Frameworks",
				);
				MARKETING_VERSION = 1.0;
				PRODUCT_BUNDLE_IDENTIFIER = app.kato.kokona.WalkShare;
				PRODUCT_NAME = "$(TARGET_NAME)";
				SWIFT_EMIT_LOC_STRINGS = YES;
				SWIFT_VERSION = 5.0;
				TARGETED_DEVICE_FAMILY = "1,2";
			};
			name = Release;
		};
		4137983A2BB466EE000765EF /* Debug */ = {
			isa = XCBuildConfiguration;
			buildSettings = {
				ALWAYS_EMBED_SWIFT_STANDARD_LIBRARIES = YES;
				BUNDLE_LOADER = "$(TEST_HOST)";
				CODE_SIGN_STYLE = Automatic;
				CURRENT_PROJECT_VERSION = 1;
				GENERATE_INFOPLIST_FILE = YES;
				IPHONEOS_DEPLOYMENT_TARGET = 16.4;
				MARKETING_VERSION = 1.0;
				PRODUCT_BUNDLE_IDENTIFIER = app.kato.kokona.WalkShareTests;
				PRODUCT_NAME = "$(TARGET_NAME)";
				SWIFT_EMIT_LOC_STRINGS = NO;
				SWIFT_VERSION = 5.0;
				TARGETED_DEVICE_FAMILY = "1,2";
				TEST_HOST = "$(BUILT_PRODUCTS_DIR)/WalkShare.app/$(BUNDLE_EXECUTABLE_FOLDER_PATH)/WalkShare";
			};
			name = Debug;
		};
		4137983B2BB466EE000765EF /* Release */ = {
			isa = XCBuildConfiguration;
			buildSettings = {
				ALWAYS_EMBED_SWIFT_STANDARD_LIBRARIES = YES;
				BUNDLE_LOADER = "$(TEST_HOST)";
				CODE_SIGN_STYLE = Automatic;
				CURRENT_PROJECT_VERSION = 1;
				GENERATE_INFOPLIST_FILE = YES;
				IPHONEOS_DEPLOYMENT_TARGET = 16.4;
				MARKETING_VERSION = 1.0;
				PRODUCT_BUNDLE_IDENTIFIER = app.kato.kokona.WalkShareTests;
				PRODUCT_NAME = "$(TARGET_NAME)";
				SWIFT_EMIT_LOC_STRINGS = NO;
				SWIFT_VERSION = 5.0;
				TARGETED_DEVICE_FAMILY = "1,2";
				TEST_HOST = "$(BUILT_PRODUCTS_DIR)/WalkShare.app/$(BUNDLE_EXECUTABLE_FOLDER_PATH)/WalkShare";
			};
			name = Release;
		};
		4137983D2BB466EE000765EF /* Debug */ = {
			isa = XCBuildConfiguration;
			buildSettings = {
				ALWAYS_EMBED_SWIFT_STANDARD_LIBRARIES = YES;
				CODE_SIGN_STYLE = Automatic;
				CURRENT_PROJECT_VERSION = 1;
				GENERATE_INFOPLIST_FILE = YES;
				MARKETING_VERSION = 1.0;
				PRODUCT_BUNDLE_IDENTIFIER = app.kato.kokona.WalkShareUITests;
				PRODUCT_NAME = "$(TARGET_NAME)";
				SWIFT_EMIT_LOC_STRINGS = NO;
				SWIFT_VERSION = 5.0;
				TARGETED_DEVICE_FAMILY = "1,2";
				TEST_TARGET_NAME = WalkShare;
			};
			name = Debug;
		};
		4137983E2BB466EE000765EF /* Release */ = {
			isa = XCBuildConfiguration;
			buildSettings = {
				ALWAYS_EMBED_SWIFT_STANDARD_LIBRARIES = YES;
				CODE_SIGN_STYLE = Automatic;
				CURRENT_PROJECT_VERSION = 1;
				GENERATE_INFOPLIST_FILE = YES;
				MARKETING_VERSION = 1.0;
				PRODUCT_BUNDLE_IDENTIFIER = app.kato.kokona.WalkShareUITests;
				PRODUCT_NAME = "$(TARGET_NAME)";
				SWIFT_EMIT_LOC_STRINGS = NO;
				SWIFT_VERSION = 5.0;
				TARGETED_DEVICE_FAMILY = "1,2";
				TEST_TARGET_NAME = WalkShare;
			};
			name = Release;
		};
/* End XCBuildConfiguration section */

/* Begin XCConfigurationList section */
		4137980D2BB466EB000765EF /* Build configuration list for PBXProject "WalkShare" */ = {
			isa = XCConfigurationList;
			buildConfigurations = (
				413798342BB466EE000765EF /* Debug */,
				413798352BB466EE000765EF /* Release */,
			);
			defaultConfigurationIsVisible = 0;
			defaultConfigurationName = Release;
		};
		413798362BB466EE000765EF /* Build configuration list for PBXNativeTarget "WalkShare" */ = {
			isa = XCConfigurationList;
			buildConfigurations = (
				413798372BB466EE000765EF /* Debug */,
				413798382BB466EE000765EF /* Release */,
			);
			defaultConfigurationIsVisible = 0;
			defaultConfigurationName = Release;
		};
		413798392BB466EE000765EF /* Build configuration list for PBXNativeTarget "WalkShareTests" */ = {
			isa = XCConfigurationList;
			buildConfigurations = (
				4137983A2BB466EE000765EF /* Debug */,
				4137983B2BB466EE000765EF /* Release */,
			);
			defaultConfigurationIsVisible = 0;
			defaultConfigurationName = Release;
		};
		4137983C2BB466EE000765EF /* Build configuration list for PBXNativeTarget "WalkShareUITests" */ = {
			isa = XCConfigurationList;
			buildConfigurations = (
				4137983D2BB466EE000765EF /* Debug */,
				4137983E2BB466EE000765EF /* Release */,
			);
			defaultConfigurationIsVisible = 0;
			defaultConfigurationName = Release;
		};
/* End XCConfigurationList section */

/* Begin XCRemoteSwiftPackageReference section */
		41870E562BEFF8F800D8E4D7 /* XCRemoteSwiftPackageReference "firebase-ios-sdk" */ = {
			isa = XCRemoteSwiftPackageReference;
			repositoryURL = "https://github.com/firebase/firebase-ios-sdk";
			requirement = {
				kind = upToNextMajorVersion;
				minimumVersion = 10.25.0;
			};
		};
		41870E8B2BEFFB1F00D8E4D7 /* XCRemoteSwiftPackageReference "GoogleSignIn-iOS" */ = {
			isa = XCRemoteSwiftPackageReference;
			repositoryURL = "https://github.com/google/GoogleSignIn-iOS";
			requirement = {
				kind = upToNextMajorVersion;
				minimumVersion = 7.1.0;
			};
		};
/* End XCRemoteSwiftPackageReference section */

/* Begin XCSwiftPackageProductDependency section */
		41870E572BEFF8F800D8E4D7 /* FirebaseAnalytics */ = {
			isa = XCSwiftPackageProductDependency;
			package = 41870E562BEFF8F800D8E4D7 /* XCRemoteSwiftPackageReference "firebase-ios-sdk" */;
			productName = FirebaseAnalytics;
		};
		41870E592BEFF8F800D8E4D7 /* FirebaseAnalyticsOnDeviceConversion */ = {
			isa = XCSwiftPackageProductDependency;
			package = 41870E562BEFF8F800D8E4D7 /* XCRemoteSwiftPackageReference "firebase-ios-sdk" */;
			productName = FirebaseAnalyticsOnDeviceConversion;
		};
		41870E5B2BEFF8F800D8E4D7 /* FirebaseAnalyticsSwift */ = {
			isa = XCSwiftPackageProductDependency;
			package = 41870E562BEFF8F800D8E4D7 /* XCRemoteSwiftPackageReference "firebase-ios-sdk" */;
			productName = FirebaseAnalyticsSwift;
		};
		41870E5D2BEFF8F800D8E4D7 /* FirebaseAnalyticsWithoutAdIdSupport */ = {
			isa = XCSwiftPackageProductDependency;
			package = 41870E562BEFF8F800D8E4D7 /* XCRemoteSwiftPackageReference "firebase-ios-sdk" */;
			productName = FirebaseAnalyticsWithoutAdIdSupport;
		};
		41870E5F2BEFF8F800D8E4D7 /* FirebaseAppCheck */ = {
			isa = XCSwiftPackageProductDependency;
			package = 41870E562BEFF8F800D8E4D7 /* XCRemoteSwiftPackageReference "firebase-ios-sdk" */;
			productName = FirebaseAppCheck;
		};
		41870E612BEFF8F800D8E4D7 /* FirebaseAppDistribution-Beta */ = {
			isa = XCSwiftPackageProductDependency;
			package = 41870E562BEFF8F800D8E4D7 /* XCRemoteSwiftPackageReference "firebase-ios-sdk" */;
			productName = "FirebaseAppDistribution-Beta";
		};
		41870E632BEFF8F800D8E4D7 /* FirebaseAuth */ = {
			isa = XCSwiftPackageProductDependency;
			package = 41870E562BEFF8F800D8E4D7 /* XCRemoteSwiftPackageReference "firebase-ios-sdk" */;
			productName = FirebaseAuth;
		};
		41870E652BEFF8F800D8E4D7 /* FirebaseAuthCombine-Community */ = {
			isa = XCSwiftPackageProductDependency;
			package = 41870E562BEFF8F800D8E4D7 /* XCRemoteSwiftPackageReference "firebase-ios-sdk" */;
			productName = "FirebaseAuthCombine-Community";
		};
		41870E672BEFF8F800D8E4D7 /* FirebaseCrashlytics */ = {
			isa = XCSwiftPackageProductDependency;
			package = 41870E562BEFF8F800D8E4D7 /* XCRemoteSwiftPackageReference "firebase-ios-sdk" */;
			productName = FirebaseCrashlytics;
		};
		41870E692BEFF8F800D8E4D7 /* FirebaseDatabase */ = {
			isa = XCSwiftPackageProductDependency;
			package = 41870E562BEFF8F800D8E4D7 /* XCRemoteSwiftPackageReference "firebase-ios-sdk" */;
			productName = FirebaseDatabase;
		};
		41870E6B2BEFF8F800D8E4D7 /* FirebaseDatabaseSwift */ = {
			isa = XCSwiftPackageProductDependency;
			package = 41870E562BEFF8F800D8E4D7 /* XCRemoteSwiftPackageReference "firebase-ios-sdk" */;
			productName = FirebaseDatabaseSwift;
		};
		41870E6D2BEFF8F800D8E4D7 /* FirebaseDynamicLinks */ = {
			isa = XCSwiftPackageProductDependency;
			package = 41870E562BEFF8F800D8E4D7 /* XCRemoteSwiftPackageReference "firebase-ios-sdk" */;
			productName = FirebaseDynamicLinks;
		};
		41870E6F2BEFF8F800D8E4D7 /* FirebaseFirestore */ = {
			isa = XCSwiftPackageProductDependency;
			package = 41870E562BEFF8F800D8E4D7 /* XCRemoteSwiftPackageReference "firebase-ios-sdk" */;
			productName = FirebaseFirestore;
		};
		41870E712BEFF8F800D8E4D7 /* FirebaseFirestoreSwift */ = {
			isa = XCSwiftPackageProductDependency;
			package = 41870E562BEFF8F800D8E4D7 /* XCRemoteSwiftPackageReference "firebase-ios-sdk" */;
			productName = FirebaseFirestoreSwift;
		};
		41870E732BEFF8F800D8E4D7 /* FirebaseFunctions */ = {
			isa = XCSwiftPackageProductDependency;
			package = 41870E562BEFF8F800D8E4D7 /* XCRemoteSwiftPackageReference "firebase-ios-sdk" */;
			productName = FirebaseFunctions;
		};
		41870E752BEFF8F800D8E4D7 /* FirebaseFunctionsCombine-Community */ = {
			isa = XCSwiftPackageProductDependency;
			package = 41870E562BEFF8F800D8E4D7 /* XCRemoteSwiftPackageReference "firebase-ios-sdk" */;
			productName = "FirebaseFunctionsCombine-Community";
		};
		41870E772BEFF8F800D8E4D7 /* FirebaseInAppMessaging-Beta */ = {
			isa = XCSwiftPackageProductDependency;
			package = 41870E562BEFF8F800D8E4D7 /* XCRemoteSwiftPackageReference "firebase-ios-sdk" */;
			productName = "FirebaseInAppMessaging-Beta";
		};
		41870E792BEFF8F800D8E4D7 /* FirebaseInAppMessagingSwift-Beta */ = {
			isa = XCSwiftPackageProductDependency;
			package = 41870E562BEFF8F800D8E4D7 /* XCRemoteSwiftPackageReference "firebase-ios-sdk" */;
			productName = "FirebaseInAppMessagingSwift-Beta";
		};
		41870E7B2BEFF8F800D8E4D7 /* FirebaseInstallations */ = {
			isa = XCSwiftPackageProductDependency;
			package = 41870E562BEFF8F800D8E4D7 /* XCRemoteSwiftPackageReference "firebase-ios-sdk" */;
			productName = FirebaseInstallations;
		};
		41870E7D2BEFF8F800D8E4D7 /* FirebaseMLModelDownloader */ = {
			isa = XCSwiftPackageProductDependency;
			package = 41870E562BEFF8F800D8E4D7 /* XCRemoteSwiftPackageReference "firebase-ios-sdk" */;
			productName = FirebaseMLModelDownloader;
		};
		41870E7F2BEFF8F800D8E4D7 /* FirebaseMessaging */ = {
			isa = XCSwiftPackageProductDependency;
			package = 41870E562BEFF8F800D8E4D7 /* XCRemoteSwiftPackageReference "firebase-ios-sdk" */;
			productName = FirebaseMessaging;
		};
		41870E812BEFF8F800D8E4D7 /* FirebasePerformance */ = {
			isa = XCSwiftPackageProductDependency;
			package = 41870E562BEFF8F800D8E4D7 /* XCRemoteSwiftPackageReference "firebase-ios-sdk" */;
			productName = FirebasePerformance;
		};
		41870E832BEFF8F800D8E4D7 /* FirebaseRemoteConfig */ = {
			isa = XCSwiftPackageProductDependency;
			package = 41870E562BEFF8F800D8E4D7 /* XCRemoteSwiftPackageReference "firebase-ios-sdk" */;
			productName = FirebaseRemoteConfig;
		};
		41870E852BEFF8F800D8E4D7 /* FirebaseRemoteConfigSwift */ = {
			isa = XCSwiftPackageProductDependency;
			package = 41870E562BEFF8F800D8E4D7 /* XCRemoteSwiftPackageReference "firebase-ios-sdk" */;
			productName = FirebaseRemoteConfigSwift;
		};
		41870E872BEFF8F800D8E4D7 /* FirebaseStorage */ = {
			isa = XCSwiftPackageProductDependency;
			package = 41870E562BEFF8F800D8E4D7 /* XCRemoteSwiftPackageReference "firebase-ios-sdk" */;
			productName = FirebaseStorage;
		};
		41870E892BEFF8F800D8E4D7 /* FirebaseStorageCombine-Community */ = {
			isa = XCSwiftPackageProductDependency;
			package = 41870E562BEFF8F800D8E4D7 /* XCRemoteSwiftPackageReference "firebase-ios-sdk" */;
			productName = "FirebaseStorageCombine-Community";
		};
		41870E8C2BEFFB2000D8E4D7 /* GoogleSignIn */ = {
			isa = XCSwiftPackageProductDependency;
			package = 41870E8B2BEFFB1F00D8E4D7 /* XCRemoteSwiftPackageReference "GoogleSignIn-iOS" */;
			productName = GoogleSignIn;
		};
		41870E8E2BEFFB2000D8E4D7 /* GoogleSignInSwift */ = {
			isa = XCSwiftPackageProductDependency;
			package = 41870E8B2BEFFB1F00D8E4D7 /* XCRemoteSwiftPackageReference "GoogleSignIn-iOS" */;
			productName = GoogleSignInSwift;
		};
/* End XCSwiftPackageProductDependency section */
	};
	rootObject = 4137980A2BB466EB000765EF /* Project object */;
}
